
Microsoft Visual Studio Solution File, Format Version 12.00
# Visual Studio Version 17
VisualStudioVersion = 17.11.35327.3
MinimumVisualStudioVersion = 10.0.40219.1
Project("{FAE04EC0-301F-11D3-BF4B-00C04F79EFBC}") = "ComicsShopOnline.Web", "ComicsShopOnline.Web\ComicsShopOnline.Web.csproj", "{61E16989-31A2-40C0-B84C-EFD4E0CB3439}"
EndProject
Project("{FAE04EC0-301F-11D3-BF4B-00C04F79EFBC}") = "ComicsShopOnline.BusinessLogic", "ComicsShopOnline.BusinessLogic\ComicsShopOnline.BusinessLogic.csproj", "{862401C1-29F7-40D8-9C1F-70DBE948F9CD}"
EndProject
Project("{FAE04EC0-301F-11D3-BF4B-00C04F79EFBC}") = "ComicsShopOnline.Domain", "ComicsShopOnline.Domain\ComicsShopOnline.Domain.csproj", "{1C80C218-B4D1-4EE1-A126-303D28B612A8}"
EndProject
Project("{FAE04EC0-301F-11D3-BF4B-00C04F79EFBC}") = "ComicsShopOnline.Helpers", "ComicsShopOnline.Helpers\ComicsShopOnline.Helpers.csproj", "{1CF8AD99-91D4-45A9-8877-ED93A99D6103}"
EndProject
Global
	GlobalSection(SolutionConfigurationPlatforms) = preSolution
		Debug|Any CPU = Debug|Any CPU
		Release|Any CPU = Release|Any CPU
	EndGlobalSection
	GlobalSection(ProjectConfigurationPlatforms) = postSolution
		{61E16989-31A2-40C0-B84C-EFD4E0CB3439}.Debug|Any CPU.ActiveCfg = Debug|Any CPU
		{61E16989-31A2-40C0-B84C-EFD4E0CB3439}.Debug|Any CPU.Build.0 = Debug|Any CPU
		{61E16989-31A2-40C0-B84C-EFD4E0CB3439}.Release|Any CPU.ActiveCfg = Release|Any CPU
		{61E16989-31A2-40C0-B84C-EFD4E0CB3439}.Release|Any CPU.Build.0 = Release|Any CPU
		{862401C1-29F7-40D8-9C1F-70DBE948F9CD}.Debug|Any CPU.ActiveCfg = Debug|Any CPU
		{862401C1-29F7-40D8-9C1F-70DBE948F9CD}.Debug|Any CPU.Build.0 = Debug|Any CPU
		{862401C1-29F7-40D8-9C1F-70DBE948F9CD}.Release|Any CPU.ActiveCfg = Release|Any CPU
		{862401C1-29F7-40D8-9C1F-70DBE948F9CD}.Release|Any CPU.Build.0 = Release|Any CPU
		{1C80C218-B4D1-4EE1-A126-303D28B612A8}.Debug|Any CPU.ActiveCfg = Debug|Any CPU
		{1C80C218-B4D1-4EE1-A126-303D28B612A8}.Debug|Any CPU.Build.0 = Debug|Any CPU
		{1C80C218-B4D1-4EE1-A126-303D28B612A8}.Release|Any CPU.ActiveCfg = Release|Any CPU
		{1C80C218-B4D1-4EE1-A126-303D28B612A8}.Release|Any CPU.Build.0 = Release|Any CPU
		{1CF8AD99-91D4-45A9-8877-ED93A99D6103}.Debug|Any CPU.ActiveCfg = Debug|Any CPU
		{1CF8AD99-91D4-45A9-8877-ED93A99D6103}.Debug|Any CPU.Build.0 = Debug|Any CPU
		{1CF8AD99-91D4-45A9-8877-ED93A99D6103}.Release|Any CPU.ActiveCfg = Release|Any CPU
		{1CF8AD99-91D4-45A9-8877-ED93A99D6103}.Release|Any CPU.Build.0 = Release|Any CPU
	EndGlobalSection
	GlobalSection(SolutionProperties) = preSolution
		HideSolutionNode = FALSE
	EndGlobalSection
	GlobalSection(ExtensibilityGlobals) = postSolution
		SolutionGuid = {7DCB826A-A7A9-49B2-805F-7C67341D36B3}
	EndGlobalSection
EndGlobal
